
Microsoft Visual Studio Solution File, Format Version 12.00
# Visual Studio Version 16
VisualStudioVersion = 16.0.29519.181
MinimumVisualStudioVersion = 10.0.40219.1
Project("{8BC9CEB8-8B4A-11D0-8D11-00A0C91BC942}") = "Project5", "Project5.vcxproj", "{E31DA01E-6D7F-4FA8-BF82-360AD07EE18D}"
EndProject
Global
	GlobalSection(SolutionConfigurationPlatforms) = preSolution
		Debug|x64 = Debug|x64
		Debug|x86 = Debug|x86
		Release|x64 = Release|x64
		Release|x86 = Release|x86
	EndGlobalSection
	GlobalSection(ProjectConfigurationPlatforms) = postSolution
		{E31DA01E-6D7F-4FA8-BF82-360AD07EE18D}.Debug|x64.ActiveCfg = Debug|x64
		{E31DA01E-6D7F-4FA8-BF82-360AD07EE18D}.Debug|x64.Build.0 = Debug|x64
		{E31DA01E-6D7F-4FA8-BF82-360AD07EE18D}.Debug|x86.ActiveCfg = Debug|Win32
		{E31DA01E-6D7F-4FA8-BF82-360AD07EE18D}.Debug|x86.Build.0 = Debug|Win32
		{E31DA01E-6D7F-4FA8-BF82-360AD07EE18D}.Release|x64.ActiveCfg = Release|x64
		{E31DA01E-6D7F-4FA8-BF82-360AD07EE18D}.Release|x64.Build.0 = Release|x64
		{E31DA01E-6D7F-4FA8-BF82-360AD07EE18D}.Release|x86.ActiveCfg = Release|Win32
		{E31DA01E-6D7F-4FA8-BF82-360AD07EE18D}.Release|x86.Build.0 = Release|Win32
	EndGlobalSection
	GlobalSection(SolutionProperties) = preSolution
		HideSolutionNode = FALSE
	EndGlobalSection
	GlobalSection(ExtensibilityGlobals) = postSolution
		SolutionGuid = {AF554B8C-D208-4EEA-91FC-97905E35B10F}
	EndGlobalSection
EndGlobal
